
Microsoft Visual Studio Solution File, Format Version 12.00
# Visual Studio Version 16
VisualStudioVersion = 16.0.29613.14
MinimumVisualStudioVersion = 10.0.40219.1
Project("{FAE04EC0-301F-11D3-BF4B-00C04F79EFBC}") = "dbWithUI", "dbWithUI\dbWithUI.csproj", "{4E1D6726-527E-4337-B95D-269688E17CA7}"
EndProject
Global
	GlobalSection(SolutionConfigurationPlatforms) = preSolution
		Debug|Any CPU = Debug|Any CPU
		Release|Any CPU = Release|Any CPU
	EndGlobalSection
	GlobalSection(ProjectConfigurationPlatforms) = postSolution
		{4E1D6726-527E-4337-B95D-269688E17CA7}.Debug|Any CPU.ActiveCfg = Debug|Any CPU
		{4E1D6726-527E-4337-B95D-269688E17CA7}.Debug|Any CPU.Build.0 = Debug|Any CPU
		{4E1D6726-527E-4337-B95D-269688E17CA7}.Release|Any CPU.ActiveCfg = Release|Any CPU
		{4E1D6726-527E-4337-B95D-269688E17CA7}.Release|Any CPU.Build.0 = Release|Any CPU
	EndGlobalSection
	GlobalSection(SolutionProperties) = preSolution
		HideSolutionNode = FALSE
	EndGlobalSection
	GlobalSection(ExtensibilityGlobals) = postSolution
		SolutionGuid = {BBCD723C-F541-47A2-9018-5B28D4DD7E0C}
	EndGlobalSection
EndGlobal
